
Microsoft Visual Studio Solution File, Format Version 12.00
# Visual Studio Version 17
VisualStudioVersion = 17.2.32519.379
MinimumVisualStudioVersion = 10.0.40219.1
Project("{FAE04EC0-301F-11D3-BF4B-00C04F79EFBC}") = "GeneratorAndPasswordVault", "GeneratorAndPasswordVault.csproj", "{E3B1CB61-45B0-47EF-9C2C-90A980790422}"
EndProject
Global
	GlobalSection(SolutionConfigurationPlatforms) = preSolution
		Debug|Any CPU = Debug|Any CPU
		Release|Any CPU = Release|Any CPU
	EndGlobalSection
	GlobalSection(ProjectConfigurationPlatforms) = postSolution
		{E3B1CB61-45B0-47EF-9C2C-90A980790422}.Debug|Any CPU.ActiveCfg = Debug|Any CPU
		{E3B1CB61-45B0-47EF-9C2C-90A980790422}.Debug|Any CPU.Build.0 = Debug|Any CPU
		{E3B1CB61-45B0-47EF-9C2C-90A980790422}.Release|Any CPU.ActiveCfg = Release|Any CPU
		{E3B1CB61-45B0-47EF-9C2C-90A980790422}.Release|Any CPU.Build.0 = Release|Any CPU
	EndGlobalSection
	GlobalSection(SolutionProperties) = preSolution
		HideSolutionNode = FALSE
	EndGlobalSection
	GlobalSection(ExtensibilityGlobals) = postSolution
		SolutionGuid = {4828EED8-3184-4BAB-8705-A261CA528064}
	EndGlobalSection
EndGlobal
